// !$*UTF8*$!
{
	archiveVersion = 1;
	classes = {
	};
	objectVersion = 50;
	objects = {

/* Begin PBXBuildFile section */
		33502DF125CD4B9E00D20B10 /* AppDelegate.swift in Sources */ = {isa = PBXBuildFile; fileRef = 33502DF025CD4B9E00D20B10 /* AppDelegate.swift */; };
		33502DF325CD4B9E00D20B10 /* SceneDelegate.swift in Sources */ = {isa = PBXBuildFile; fileRef = 33502DF225CD4B9E00D20B10 /* SceneDelegate.swift */; };
		33502DFA25CD4BA000D20B10 /* Assets.xcassets in Resources */ = {isa = PBXBuildFile; fileRef = 33502DF925CD4BA000D20B10 /* Assets.xcassets */; };
		33502DFD25CD4BA000D20B10 /* LaunchScreen.storyboard in Resources */ = {isa = PBXBuildFile; fileRef = 33502DFB25CD4BA000D20B10 /* LaunchScreen.storyboard */; };
		3373A17325D0D9C00066AB54 /* LibraryViewController.swift in Sources */ = {isa = PBXBuildFile; fileRef = 3373A17125D0D9C00066AB54 /* LibraryViewController.swift */; };
		3373A17425D0D9C00066AB54 /* LibraryViewController.xib in Resources */ = {isa = PBXBuildFile; fileRef = 3373A17225D0D9C00066AB54 /* LibraryViewController.xib */; };
		33BAF00F25D0D4570073B31F /* BaseView Controller.swift in Sources */ = {isa = PBXBuildFile; fileRef = 33BAF00E25D0D4570073B31F /* BaseView Controller.swift */; };
		33BAF01325D0D46F0073B31F /* HomeViewController.swift in Sources */ = {isa = PBXBuildFile; fileRef = 33BAF01125D0D46F0073B31F /* HomeViewController.swift */; };
		33BAF01425D0D46F0073B31F /* HomeViewController.xib in Resources */ = {isa = PBXBuildFile; fileRef = 33BAF01225D0D46F0073B31F /* HomeViewController.xib */; };
		33BAF01D25D0D4A60073B31F /* SearchViewController.swift in Sources */ = {isa = PBXBuildFile; fileRef = 33BAF01B25D0D4A60073B31F /* SearchViewController.swift */; };
		33BAF01E25D0D4A60073B31F /* SearchViewController.xib in Resources */ = {isa = PBXBuildFile; fileRef = 33BAF01C25D0D4A60073B31F /* SearchViewController.xib */; };
		33BAF02225D0D4D10073B31F /* UIColor+Extension.swift in Sources */ = {isa = PBXBuildFile; fileRef = 33BAF02125D0D4D10073B31F /* UIColor+Extension.swift */; };
/* End PBXBuildFile section */

/* Begin PBXFileReference section */
		33502DED25CD4B9E00D20B10 /* SunRise.app */ = {isa = PBXFileReference; explicitFileType = wrapper.application; includeInIndex = 0; path = SunRise.app; sourceTree = BUILT_PRODUCTS_DIR; };
		33502DF025CD4B9E00D20B10 /* AppDelegate.swift */ = {isa = PBXFileReference; lastKnownFileType = sourcecode.swift; path = AppDelegate.swift; sourceTree = "<group>"; };
		33502DF225CD4B9E00D20B10 /* SceneDelegate.swift */ = {isa = PBXFileReference; lastKnownFileType = sourcecode.swift; path = SceneDelegate.swift; sourceTree = "<group>"; };
		33502DF925CD4BA000D20B10 /* Assets.xcassets */ = {isa = PBXFileReference; lastKnownFileType = folder.assetcatalog; path = Assets.xcassets; sourceTree = "<group>"; };
		33502DFC25CD4BA000D20B10 /* Base */ = {isa = PBXFileReference; lastKnownFileType = file.storyboard; name = Base; path = Base.lproj/LaunchScreen.storyboard; sourceTree = "<group>"; };
		33502DFE25CD4BA000D20B10 /* Info.plist */ = {isa = PBXFileReference; lastKnownFileType = text.plist.xml; path = Info.plist; sourceTree = "<group>"; };
		3373A17125D0D9C00066AB54 /* LibraryViewController.swift */ = {isa = PBXFileReference; lastKnownFileType = sourcecode.swift; path = LibraryViewController.swift; sourceTree = "<group>"; };
		3373A17225D0D9C00066AB54 /* LibraryViewController.xib */ = {isa = PBXFileReference; lastKnownFileType = file.xib; path = LibraryViewController.xib; sourceTree = "<group>"; };
		33BAF00E25D0D4570073B31F /* BaseView Controller.swift */ = {isa = PBXFileReference; lastKnownFileType = sourcecode.swift; path = "BaseView Controller.swift"; sourceTree = "<group>"; };
		33BAF01125D0D46F0073B31F /* HomeViewController.swift */ = {isa = PBXFileReference; lastKnownFileType = sourcecode.swift; path = HomeViewController.swift; sourceTree = "<group>"; };
		33BAF01225D0D46F0073B31F /* HomeViewController.xib */ = {isa = PBXFileReference; lastKnownFileType = file.xib; path = HomeViewController.xib; sourceTree = "<group>"; };
		33BAF01B25D0D4A60073B31F /* SearchViewController.swift */ = {isa = PBXFileReference; lastKnownFileType = sourcecode.swift; path = SearchViewController.swift; sourceTree = "<group>"; };
		33BAF01C25D0D4A60073B31F /* SearchViewController.xib */ = {isa = PBXFileReference; lastKnownFileType = file.xib; path = SearchViewController.xib; sourceTree = "<group>"; };
		33BAF02125D0D4D10073B31F /* UIColor+Extension.swift */ = {isa = PBXFileReference; lastKnownFileType = sourcecode.swift; path = "UIColor+Extension.swift"; sourceTree = "<group>"; };
/* End PBXFileReference section */

/* Begin PBXFrameworksBuildPhase section */
		33502DEA25CD4B9E00D20B10 /* Frameworks */ = {
			isa = PBXFrameworksBuildPhase;
			buildActionMask = 2147483647;
			files = (
			);
			runOnlyForDeploymentPostprocessing = 0;
		};
/* End PBXFrameworksBuildPhase section */

/* Begin PBXGroup section */
		33502DE425CD4B9E00D20B10 = {
			isa = PBXGroup;
			children = (
				33502DEF25CD4B9E00D20B10 /* SunRise */,
				33502DEE25CD4B9E00D20B10 /* Products */,
			);
			sourceTree = "<group>";
		};
		33502DEE25CD4B9E00D20B10 /* Products */ = {
			isa = PBXGroup;
			children = (
				33502DED25CD4B9E00D20B10 /* SunRise.app */,
			);
			name = Products;
			sourceTree = "<group>";
		};
		33502DEF25CD4B9E00D20B10 /* SunRise */ = {
			isa = PBXGroup;
			children = (
				33BAF02425D0D4E70073B31F /* Resources */,
				335F461425CFEF3F007D1BC8 /* AppDelegates */,
				335F461225CFEF30007D1BC8 /* Controllers */,
				33BAF02025D0D4B80073B31F /* Extensions */,
				33502DFE25CD4BA000D20B10 /* Info.plist */,
				335F461325CFEF39007D1BC8 /* Models */,
			);
			path = SunRise;
			sourceTree = "<group>";
		};
		335F461225CFEF30007D1BC8 /* Controllers */ = {
			isa = PBXGroup;
			children = (
				33BAF00D25D0D43F0073B31F /* Base */,
				335F461525CFEF4C007D1BC8 /* Home */,
				33BAF00C25D0D41D0073B31F /* Library */,
				33BAF00B25D0D4030073B31F /* Search */,
			);
			path = Controllers;
			sourceTree = "<group>";
		};
		335F461325CFEF39007D1BC8 /* Models */ = {
			isa = PBXGroup;
			children = (
			);
			path = Models;
			sourceTree = "<group>";
		};
		335F461425CFEF3F007D1BC8 /* AppDelegates */ = {
			isa = PBXGroup;
			children = (
				33502DF025CD4B9E00D20B10 /* AppDelegate.swift */,
				33502DF225CD4B9E00D20B10 /* SceneDelegate.swift */,
			);
			path = AppDelegates;
			sourceTree = "<group>";
		};
		335F461525CFEF4C007D1BC8 /* Home */ = {
			isa = PBXGroup;
			children = (
				33BAF01125D0D46F0073B31F /* HomeViewController.swift */,
				33BAF01225D0D46F0073B31F /* HomeViewController.xib */,
			);
			path = Home;
			sourceTree = "<group>";
		};
		33BAF00B25D0D4030073B31F /* Search */ = {
			isa = PBXGroup;
			children = (
				33BAF01B25D0D4A60073B31F /* SearchViewController.swift */,
				33BAF01C25D0D4A60073B31F /* SearchViewController.xib */,
			);
			path = Search;
			sourceTree = "<group>";
		};
		33BAF00C25D0D41D0073B31F /* Library */ = {
			isa = PBXGroup;
			children = (
				3373A17125D0D9C00066AB54 /* LibraryViewController.swift */,
				3373A17225D0D9C00066AB54 /* LibraryViewController.xib */,
			);
			path = Library;
			sourceTree = "<group>";
		};
		33BAF00D25D0D43F0073B31F /* Base */ = {
			isa = PBXGroup;
			children = (
				33BAF00E25D0D4570073B31F /* BaseView Controller.swift */,
			);
			path = Base;
			sourceTree = "<group>";
		};
		33BAF02025D0D4B80073B31F /* Extensions */ = {
			isa = PBXGroup;
			children = (
				33BAF02125D0D4D10073B31F /* UIColor+Extension.swift */,
			);
			path = Extensions;
			sourceTree = "<group>";
		};
		33BAF02425D0D4E70073B31F /* Resources */ = {
			isa = PBXGroup;
			children = (
				33502DF925CD4BA000D20B10 /* Assets.xcassets */,
				33502DFB25CD4BA000D20B10 /* LaunchScreen.storyboard */,
			);
			path = Resources;
			sourceTree = "<group>";
		};
/* End PBXGroup section */

/* Begin PBXNativeTarget section */
		33502DEC25CD4B9E00D20B10 /* SunRise */ = {
			isa = PBXNativeTarget;
			buildConfigurationList = 33502E0125CD4BA000D20B10 /* Build configuration list for PBXNativeTarget "SunRise" */;
			buildPhases = (
				33502DE925CD4B9E00D20B10 /* Sources */,
				33502DEA25CD4B9E00D20B10 /* Frameworks */,
				33502DEB25CD4B9E00D20B10 /* Resources */,
			);
			buildRules = (
			);
			dependencies = (
			);
			name = SunRise;
			productName = SunRise;
			productReference = 33502DED25CD4B9E00D20B10 /* SunRise.app */;
			productType = "com.apple.product-type.application";
		};
/* End PBXNativeTarget section */

/* Begin PBXProject section */
		33502DE525CD4B9E00D20B10 /* Project object */ = {
			isa = PBXProject;
			attributes = {
				LastSwiftUpdateCheck = 1230;
				LastUpgradeCheck = 1230;
				TargetAttributes = {
					33502DEC25CD4B9E00D20B10 = {
						CreatedOnToolsVersion = 12.3;
					};
				};
			};
			buildConfigurationList = 33502DE825CD4B9E00D20B10 /* Build configuration list for PBXProject "SunRise" */;
			compatibilityVersion = "Xcode 9.3";
			developmentRegion = en;
			hasScannedForEncodings = 0;
			knownRegions = (
				en,
				Base,
			);
			mainGroup = 33502DE425CD4B9E00D20B10;
			productRefGroup = 33502DEE25CD4B9E00D20B10 /* Products */;
			projectDirPath = "";
			projectRoot = "";
			targets = (
				33502DEC25CD4B9E00D20B10 /* SunRise */,
			);
		};
/* End PBXProject section */

/* Begin PBXResourcesBuildPhase section */
		33502DEB25CD4B9E00D20B10 /* Resources */ = {
			isa = PBXResourcesBuildPhase;
			buildActionMask = 2147483647;
			files = (
				33502DFD25CD4BA000D20B10 /* LaunchScreen.storyboard in Resources */,
				3373A17425D0D9C00066AB54 /* LibraryViewController.xib in Resources */,
				33502DFA25CD4BA000D20B10 /* Assets.xcassets in Resources */,
				33BAF01E25D0D4A60073B31F /* SearchViewController.xib in Resources */,
				33BAF01425D0D46F0073B31F /* HomeViewController.xib in Resources */,
			);
			runOnlyForDeploymentPostprocessing = 0;
		};
/* End PBXResourcesBuildPhase section */

/* Begin PBXSourcesBuildPhase section */
		33502DE925CD4B9E00D20B10 /* Sources */ = {
			isa = PBXSourcesBuildPhase;
			buildActionMask = 2147483647;
			files = (
				33BAF02225D0D4D10073B31F /* UIColor+Extension.swift in Sources */,
				33BAF01D25D0D4A60073B31F /* SearchViewController.swift in Sources */,
				33BAF00F25D0D4570073B31F /* BaseView Controller.swift in Sources */,
				33502DF125CD4B9E00D20B10 /* AppDelegate.swift in Sources */,
				3373A17325D0D9C00066AB54 /* LibraryViewController.swift in Sources */,
				33502DF325CD4B9E00D20B10 /* SceneDelegate.swift in Sources */,
				33BAF01325D0D46F0073B31F /* HomeViewController.swift in Sources */,
			);
			runOnlyForDeploymentPostprocessing = 0;
		};
/* End PBXSourcesBuildPhase section */

/* Begin PBXVariantGroup section */
		33502DFB25CD4BA000D20B10 /* LaunchScreen.storyboard */ = {
			isa = PBXVariantGroup;
			children = (
				33502DFC25CD4BA000D20B10 /* Base */,
			);
			name = LaunchScreen.storyboard;
			sourceTree = "<group>";
		};
/* End PBXVariantGroup section */

/* Begin XCBuildConfiguration section */
		33502DFF25CD4BA000D20B10 /* Debug */ = {
			isa = XCBuildConfiguration;
			buildSettings = {
				ALWAYS_SEARCH_USER_PATHS = NO;
				CLANG_ANALYZER_NONNULL = YES;
				CLANG_ANALYZER_NUMBER_OBJECT_CONVERSION = YES_AGGRESSIVE;
				CLANG_CXX_LANGUAGE_STANDARD = "gnu++14";
				CLANG_CXX_LIBRARY = "libc++";
				CLANG_ENABLE_MODULES = YES;
				CLANG_ENABLE_OBJC_ARC = YES;
				CLANG_ENABLE_OBJC_WEAK = YES;
				CLANG_WARN_BLOCK_CAPTURE_AUTORELEASING = YES;
				CLANG_WARN_BOOL_CONVERSION = YES;
				CLANG_WARN_COMMA = YES;
				CLANG_WARN_CONSTANT_CONVERSION = YES;
				CLANG_WARN_DEPRECATED_OBJC_IMPLEMENTATIONS = YES;
				CLANG_WARN_DIRECT_OBJC_ISA_USAGE = YES_ERROR;
				CLANG_WARN_DOCUMENTATION_COMMENTS = YES;
				CLANG_WARN_EMPTY_BODY = YES;
				CLANG_WARN_ENUM_CONVERSION = YES;
				CLANG_WARN_INFINITE_RECURSION = YES;
				CLANG_WARN_INT_CONVERSION = YES;
				CLANG_WARN_NON_LITERAL_NULL_CONVERSION = YES;
				CLANG_WARN_OBJC_IMPLICIT_RETAIN_SELF = YES;
				CLANG_WARN_OBJC_LITERAL_CONVERSION = YES;
				CLANG_WARN_OBJC_ROOT_CLASS = YES_ERROR;
				CLANG_WARN_QUOTED_INCLUDE_IN_FRAMEWORK_HEADER = YES;
				CLANG_WARN_RANGE_LOOP_ANALYSIS = YES;
				CLANG_WARN_STRICT_PROTOTYPES = YES;
				CLANG_WARN_SUSPICIOUS_MOVE = YES;
				CLANG_WARN_UNGUARDED_AVAILABILITY = YES_AGGRESSIVE;
				CLANG_WARN_UNREACHABLE_CODE = YES;
				CLANG_WARN__DUPLICATE_METHOD_MATCH = YES;
				COPY_PHASE_STRIP = NO;
				DEBUG_INFORMATION_FORMAT = dwarf;
				ENABLE_STRICT_OBJC_MSGSEND = YES;
				ENABLE_TESTABILITY = YES;
				GCC_C_LANGUAGE_STANDARD = gnu11;
				GCC_DYNAMIC_NO_PIC = NO;
				GCC_NO_COMMON_BLOCKS = YES;
				GCC_OPTIMIZATION_LEVEL = 0;
				GCC_PREPROCESSOR_DEFINITIONS = (
					"DEBUG=1",
					"$(inherited)",
				);
				GCC_WARN_64_TO_32_BIT_CONVERSION = YES;
				GCC_WARN_ABOUT_RETURN_TYPE = YES_ERROR;
				GCC_WARN_UNDECLARED_SELECTOR = YES;
				GCC_WARN_UNINITIALIZED_AUTOS = YES_AGGRESSIVE;
				GCC_WARN_UNUSED_FUNCTION = YES;
				GCC_WARN_UNUSED_VARIABLE = YES;
				IPHONEOS_DEPLOYMENT_TARGET = 14.3;
				MTL_ENABLE_DEBUG_INFO = INCLUDE_SOURCE;
				MTL_FAST_MATH = YES;
				ONLY_ACTIVE_ARCH = YES;
				SDKROOT = iphoneos;
				SWIFT_ACTIVE_COMPILATION_CONDITIONS = DEBUG;
				SWIFT_OPTIMIZATION_LEVEL = "-Onone";
			};
			name = Debug;
		};
		33502E0025CD4BA000D20B10 /* Release */ = {
			isa = XCBuildConfiguration;
			buildSettings = {
				ALWAYS_SEARCH_USER_PATHS = NO;
				CLANG_ANALYZER_NONNULL = YES;
				CLANG_ANALYZER_NUMBER_OBJECT_CONVERSION = YES_AGGRESSIVE;
				CLANG_CXX_LANGUAGE_STANDARD = "gnu++14";
				CLANG_CXX_LIBRARY = "libc++";
				CLANG_ENABLE_MODULES = YES;
				CLANG_ENABLE_OBJC_ARC = YES;
				CLANG_ENABLE_OBJC_WEAK = YES;
				CLANG_WARN_BLOCK_CAPTURE_AUTORELEASING = YES;
				CLANG_WARN_BOOL_CONVERSION = YES;
				CLANG_WARN_COMMA = YES;
				CLANG_WARN_CONSTANT_CONVERSION = YES;
				CLANG_WARN_DEPRECATED_OBJC_IMPLEMENTATIONS = YES;
				CLANG_WARN_DIRECT_OBJC_ISA_USAGE = YES_ERROR;
				CLANG_WARN_DOCUMENTATION_COMMENTS = YES;
				CLANG_WARN_EMPTY_BODY = YES;
				CLANG_WARN_ENUM_CONVERSION = YES;
				CLANG_WARN_INFINITE_RECURSION = YES;
				CLANG_WARN_INT_CONVERSION = YES;
				CLANG_WARN_NON_LITERAL_NULL_CONVERSION = YES;
				CLANG_WARN_OBJC_IMPLICIT_RETAIN_SELF = YES;
				CLANG_WARN_OBJC_LITERAL_CONVERSION = YES;
				CLANG_WARN_OBJC_ROOT_CLASS = YES_ERROR;
				CLANG_WARN_QUOTED_INCLUDE_IN_FRAMEWORK_HEADER = YES;
				CLANG_WARN_RANGE_LOOP_ANALYSIS = YES;
				CLANG_WARN_STRICT_PROTOTYPES = YES;
				CLANG_WARN_SUSPICIOUS_MOVE = YES;
				CLANG_WARN_UNGUARDED_AVAILABILITY = YES_AGGRESSIVE;
				CLANG_WARN_UNREACHABLE_CODE = YES;
				CLANG_WARN__DUPLICATE_METHOD_MATCH = YES;
				COPY_PHASE_STRIP = NO;
				DEBUG_INFORMATION_FORMAT = "dwarf-with-dsym";
				ENABLE_NS_ASSERTIONS = NO;
				ENABLE_STRICT_OBJC_MSGSEND = YES;
				GCC_C_LANGUAGE_STANDARD = gnu11;
				GCC_NO_COMMON_BLOCKS = YES;
				GCC_WARN_64_TO_32_BIT_CONVERSION = YES;
				GCC_WARN_ABOUT_RETURN_TYPE = YES_ERROR;
				GCC_WARN_UNDECLARED_SELECTOR = YES;
				GCC_WARN_UNINITIALIZED_AUTOS = YES_AGGRESSIVE;
				GCC_WARN_UNUSED_FUNCTION = YES;
				GCC_WARN_UNUSED_VARIABLE = YES;
				IPHONEOS_DEPLOYMENT_TARGET = 14.3;
				MTL_ENABLE_DEBUG_INFO = NO;
				MTL_FAST_MATH = YES;
				SDKROOT = iphoneos;
				SWIFT_COMPILATION_MODE = wholemodule;
				SWIFT_OPTIMIZATION_LEVEL = "-O";
				VALIDATE_PRODUCT = YES;
			};
			name = Release;
		};
		33502E0225CD4BA000D20B10 /* Debug */ = {
			isa = XCBuildConfiguration;
			buildSettings = {
				ASSETCATALOG_COMPILER_APPICON_NAME = AppIcon;
				ASSETCATALOG_COMPILER_GLOBAL_ACCENT_COLOR_NAME = AccentColor;
				CODE_SIGN_STYLE = Automatic;
				INFOPLIST_FILE = SunRise/Info.plist;
				LD_RUNPATH_SEARCH_PATHS = (
					"$(inherited)",
					"@executable_path/Frameworks",
				);
				PRODUCT_BUNDLE_IDENTIFIER = com.sun.SunRise;
				PRODUCT_NAME = "$(TARGET_NAME)";
				SWIFT_VERSION = 5.0;
				TARGETED_DEVICE_FAMILY = "1,2";
			};
			name = Debug;
		};
		33502E0325CD4BA000D20B10 /* Release */ = {
			isa = XCBuildConfiguration;
			buildSettings = {
				ASSETCATALOG_COMPILER_APPICON_NAME = AppIcon;
				ASSETCATALOG_COMPILER_GLOBAL_ACCENT_COLOR_NAME = AccentColor;
				CODE_SIGN_STYLE = Automatic;
				INFOPLIST_FILE = SunRise/Info.plist;
				LD_RUNPATH_SEARCH_PATHS = (
					"$(inherited)",
					"@executable_path/Frameworks",
				);
				PRODUCT_BUNDLE_IDENTIFIER = com.sun.SunRise;
				PRODUCT_NAME = "$(TARGET_NAME)";
				SWIFT_VERSION = 5.0;
				TARGETED_DEVICE_FAMILY = "1,2";
			};
			name = Release;
		};
/* End XCBuildConfiguration section */

/* Begin XCConfigurationList section */
		33502DE825CD4B9E00D20B10 /* Build configuration list for PBXProject "SunRise" */ = {
			isa = XCConfigurationList;
			buildConfigurations = (
				33502DFF25CD4BA000D20B10 /* Debug */,
				33502E0025CD4BA000D20B10 /* Release */,
			);
			defaultConfigurationIsVisible = 0;
			defaultConfigurationName = Release;
		};
		33502E0125CD4BA000D20B10 /* Build configuration list for PBXNativeTarget "SunRise" */ = {
			isa = XCConfigurationList;
			buildConfigurations = (
				33502E0225CD4BA000D20B10 /* Debug */,
				33502E0325CD4BA000D20B10 /* Release */,
			);
			defaultConfigurationIsVisible = 0;
			defaultConfigurationName = Release;
		};
/* End XCConfigurationList section */
	};
	rootObject = 33502DE525CD4B9E00D20B10 /* Project object */;
}
